
Microsoft Visual Studio Solution File, Format Version 12.00
# Visual Studio Version 17
VisualStudioVersion = 17.0.31903.59
MinimumVisualStudioVersion = 10.0.40219.1
Project("{FAE04EC0-301F-11D3-BF4B-00C04F79EFBC}") = "Factory", "Factory\Factory.csproj", "{91346BCC-CEF8-4AB6-852E-442E275DC285}"
EndProject
Global
	GlobalSection(SolutionConfigurationPlatforms) = preSolution
		Debug|Any CPU = Debug|Any CPU
		Release|Any CPU = Release|Any CPU
	EndGlobalSection
	GlobalSection(ProjectConfigurationPlatforms) = postSolution
		{91346BCC-CEF8-4AB6-852E-442E275DC285}.Debug|Any CPU.ActiveCfg = Debug|Any CPU
		{91346BCC-CEF8-4AB6-852E-442E275DC285}.Debug|Any CPU.Build.0 = Debug|Any CPU
		{91346BCC-CEF8-4AB6-852E-442E275DC285}.Release|Any CPU.ActiveCfg = Release|Any CPU
		{91346BCC-CEF8-4AB6-852E-442E275DC285}.Release|Any CPU.Build.0 = Release|Any CPU
	EndGlobalSection
	GlobalSection(SolutionProperties) = preSolution
		HideSolutionNode = FALSE
	EndGlobalSection
	GlobalSection(ExtensibilityGlobals) = postSolution
		SolutionGuid = {C1915E52-B105-4A3A-A00F-3F30CD309C5A}
	EndGlobalSection
EndGlobal
