
Microsoft Visual Studio Solution File, Format Version 12.00
# Visual Studio Version 17
VisualStudioVersion = 17.0.31903.59
MinimumVisualStudioVersion = 10.0.40219.1
Project("{FAE04EC0-301F-11D3-BF4B-00C04F79EFBC}") = "Series", "Series\Series.csproj", "{E23E9920-E5EF-42CB-A445-6C2745A6562C}"
EndProject
Global
	GlobalSection(SolutionConfigurationPlatforms) = preSolution
		Debug|Any CPU = Debug|Any CPU
		Release|Any CPU = Release|Any CPU
	EndGlobalSection
	GlobalSection(ProjectConfigurationPlatforms) = postSolution
		{E23E9920-E5EF-42CB-A445-6C2745A6562C}.Debug|Any CPU.ActiveCfg = Debug|Any CPU
		{E23E9920-E5EF-42CB-A445-6C2745A6562C}.Debug|Any CPU.Build.0 = Debug|Any CPU
		{E23E9920-E5EF-42CB-A445-6C2745A6562C}.Release|Any CPU.ActiveCfg = Release|Any CPU
		{E23E9920-E5EF-42CB-A445-6C2745A6562C}.Release|Any CPU.Build.0 = Release|Any CPU
	EndGlobalSection
	GlobalSection(SolutionProperties) = preSolution
		HideSolutionNode = FALSE
	EndGlobalSection
	GlobalSection(ExtensibilityGlobals) = postSolution
		SolutionGuid = {681431D2-F75B-401D-B7BB-040146C894B9}
	EndGlobalSection
EndGlobal
