
Microsoft Visual Studio Solution File, Format Version 12.00
# Visual Studio Version 17
VisualStudioVersion = 17.0.31903.59
MinimumVisualStudioVersion = 10.0.40219.1
Project("{FAE04EC0-301F-11D3-BF4B-00C04F79EFBC}") = "grades", "grades\grades.csproj", "{E1E53B3E-4D08-43B5-8BC5-A8D97E5894EF}"
EndProject
Global
	GlobalSection(SolutionConfigurationPlatforms) = preSolution
		Debug|Any CPU = Debug|Any CPU
		Release|Any CPU = Release|Any CPU
	EndGlobalSection
	GlobalSection(ProjectConfigurationPlatforms) = postSolution
		{E1E53B3E-4D08-43B5-8BC5-A8D97E5894EF}.Debug|Any CPU.ActiveCfg = Debug|Any CPU
		{E1E53B3E-4D08-43B5-8BC5-A8D97E5894EF}.Debug|Any CPU.Build.0 = Debug|Any CPU
		{E1E53B3E-4D08-43B5-8BC5-A8D97E5894EF}.Release|Any CPU.ActiveCfg = Release|Any CPU
		{E1E53B3E-4D08-43B5-8BC5-A8D97E5894EF}.Release|Any CPU.Build.0 = Release|Any CPU
	EndGlobalSection
	GlobalSection(SolutionProperties) = preSolution
		HideSolutionNode = FALSE
	EndGlobalSection
	GlobalSection(ExtensibilityGlobals) = postSolution
		SolutionGuid = {9360F8FA-B2BD-4D78-B8D1-77DE4D8A448B}
	EndGlobalSection
EndGlobal
