
Microsoft Visual Studio Solution File, Format Version 12.00
# Visual Studio Version 17
VisualStudioVersion = 17.0.31903.59
MinimumVisualStudioVersion = 10.0.40219.1
Project("{FAE04EC0-301F-11D3-BF4B-00C04F79EFBC}") = "ExceptionProgramAll", "Exception\ExceptionProgramAll.csproj", "{6B585BFF-8FF8-4883-8D54-EE41AFF89FC1}"
EndProject
Global
	GlobalSection(SolutionConfigurationPlatforms) = preSolution
		Debug|Any CPU = Debug|Any CPU
		Release|Any CPU = Release|Any CPU
	EndGlobalSection
	GlobalSection(ProjectConfigurationPlatforms) = postSolution
		{6B585BFF-8FF8-4883-8D54-EE41AFF89FC1}.Debug|Any CPU.ActiveCfg = Debug|Any CPU
		{6B585BFF-8FF8-4883-8D54-EE41AFF89FC1}.Debug|Any CPU.Build.0 = Debug|Any CPU
		{6B585BFF-8FF8-4883-8D54-EE41AFF89FC1}.Release|Any CPU.ActiveCfg = Release|Any CPU
		{6B585BFF-8FF8-4883-8D54-EE41AFF89FC1}.Release|Any CPU.Build.0 = Release|Any CPU
	EndGlobalSection
	GlobalSection(SolutionProperties) = preSolution
		HideSolutionNode = FALSE
	EndGlobalSection
	GlobalSection(ExtensibilityGlobals) = postSolution
		SolutionGuid = {CBDB20FC-BC4E-4111-9733-71F9F267F948}
	EndGlobalSection
EndGlobal
