
Microsoft Visual Studio Solution File, Format Version 12.00
# Visual Studio Version 17
VisualStudioVersion = 17.0.31903.59
MinimumVisualStudioVersion = 10.0.40219.1
Project("{FAE04EC0-301F-11D3-BF4B-00C04F79EFBC}") = "LinqConsole", "LinqConsole\LinqConsole.csproj", "{71FECC08-5E2A-4CC3-B951-3737AE3053A0}"
EndProject
Global
	GlobalSection(SolutionConfigurationPlatforms) = preSolution
		Debug|Any CPU = Debug|Any CPU
		Release|Any CPU = Release|Any CPU
	EndGlobalSection
	GlobalSection(ProjectConfigurationPlatforms) = postSolution
		{71FECC08-5E2A-4CC3-B951-3737AE3053A0}.Debug|Any CPU.ActiveCfg = Debug|Any CPU
		{71FECC08-5E2A-4CC3-B951-3737AE3053A0}.Debug|Any CPU.Build.0 = Debug|Any CPU
		{71FECC08-5E2A-4CC3-B951-3737AE3053A0}.Release|Any CPU.ActiveCfg = Release|Any CPU
		{71FECC08-5E2A-4CC3-B951-3737AE3053A0}.Release|Any CPU.Build.0 = Release|Any CPU
	EndGlobalSection
	GlobalSection(SolutionProperties) = preSolution
		HideSolutionNode = FALSE
	EndGlobalSection
	GlobalSection(ExtensibilityGlobals) = postSolution
		SolutionGuid = {7A18F753-049D-44FC-96B3-6CC612BDDC76}
	EndGlobalSection
EndGlobal
